
Microsoft Visual Studio Solution File, Format Version 12.00
# Visual Studio Version 17
VisualStudioVersion = 17.6.33829.357
MinimumVisualStudioVersion = 10.0.40219.1
Project("{9A19103F-16F7-4668-BE54-9A1E7A4F7556}") = "ChatWeb.API", "ChatWeb.API\ChatWeb.API.csproj", "{99D1BE83-6938-43ED-A50E-48EC4231448A}"
EndProject
Project("{9A19103F-16F7-4668-BE54-9A1E7A4F7556}") = "ChatWeb.Domain", "ChatWeb.Domain\ChatWeb.Domain.csproj", "{9597EF50-B252-49DD-97F3-C16A0E11E985}"
EndProject
Project("{9A19103F-16F7-4668-BE54-9A1E7A4F7556}") = "ChatWeb.Infrastructure", "ChatWeb.Infrastructure\ChatWeb.Infrastructure.csproj", "{BE7C1ADA-BD03-4653-9E95-A40254E047E1}"
EndProject
Project("{FAE04EC0-301F-11D3-BF4B-00C04F79EFBC}") = "ChatWeb.Common", "ChatWeb.Common\ChatWeb.Common.csproj", "{67CFDC92-9360-4D1E-B834-331088A5FFD7}"
EndProject
Global
	GlobalSection(SolutionConfigurationPlatforms) = preSolution
		Debug|Any CPU = Debug|Any CPU
		Release|Any CPU = Release|Any CPU
	EndGlobalSection
	GlobalSection(ProjectConfigurationPlatforms) = postSolution
		{99D1BE83-6938-43ED-A50E-48EC4231448A}.Debug|Any CPU.ActiveCfg = Debug|Any CPU
		{99D1BE83-6938-43ED-A50E-48EC4231448A}.Debug|Any CPU.Build.0 = Debug|Any CPU
		{99D1BE83-6938-43ED-A50E-48EC4231448A}.Release|Any CPU.ActiveCfg = Release|Any CPU
		{99D1BE83-6938-43ED-A50E-48EC4231448A}.Release|Any CPU.Build.0 = Release|Any CPU
		{9597EF50-B252-49DD-97F3-C16A0E11E985}.Debug|Any CPU.ActiveCfg = Debug|Any CPU
		{9597EF50-B252-49DD-97F3-C16A0E11E985}.Debug|Any CPU.Build.0 = Debug|Any CPU
		{9597EF50-B252-49DD-97F3-C16A0E11E985}.Release|Any CPU.ActiveCfg = Release|Any CPU
		{9597EF50-B252-49DD-97F3-C16A0E11E985}.Release|Any CPU.Build.0 = Release|Any CPU
		{BE7C1ADA-BD03-4653-9E95-A40254E047E1}.Debug|Any CPU.ActiveCfg = Debug|Any CPU
		{BE7C1ADA-BD03-4653-9E95-A40254E047E1}.Debug|Any CPU.Build.0 = Debug|Any CPU
		{BE7C1ADA-BD03-4653-9E95-A40254E047E1}.Release|Any CPU.ActiveCfg = Release|Any CPU
		{BE7C1ADA-BD03-4653-9E95-A40254E047E1}.Release|Any CPU.Build.0 = Release|Any CPU
		{67CFDC92-9360-4D1E-B834-331088A5FFD7}.Debug|Any CPU.ActiveCfg = Debug|Any CPU
		{67CFDC92-9360-4D1E-B834-331088A5FFD7}.Debug|Any CPU.Build.0 = Debug|Any CPU
		{67CFDC92-9360-4D1E-B834-331088A5FFD7}.Release|Any CPU.ActiveCfg = Release|Any CPU
		{67CFDC92-9360-4D1E-B834-331088A5FFD7}.Release|Any CPU.Build.0 = Release|Any CPU
	EndGlobalSection
	GlobalSection(SolutionProperties) = preSolution
		HideSolutionNode = FALSE
	EndGlobalSection
	GlobalSection(ExtensibilityGlobals) = postSolution
		SolutionGuid = {FDAC4D48-FB76-4C79-AC9D-786DF8987049}
	EndGlobalSection
EndGlobal
